// !$*UTF8*$!
{
	archiveVersion = 1;
	classes = {
	};
	objectVersion = 46;
	objects = {

/* Begin PBXBuildFile section */
		1E7391E51AF2A5590016E6F5 /* main.m in Sources */ = {isa = PBXBuildFile; fileRef = 1E7391E41AF2A5590016E6F5 /* main.m */; };
		1E7391E81AF2A5590016E6F5 /* AppDelegate.m in Sources */ = {isa = PBXBuildFile; fileRef = 1E7391E71AF2A5590016E6F5 /* AppDelegate.m */; };
		1E7392041AF2A5590016E6F5 /* bubblesTests.m in Sources */ = {isa = PBXBuildFile; fileRef = 1E7392031AF2A5590016E6F5 /* bubblesTests.m */; };
		1E8117E61AF340E000FE5DB1 /* GameScene.m in Sources */ = {isa = PBXBuildFile; fileRef = 1E8117DE1AF340E000FE5DB1 /* GameScene.m */; };
		1E8117E71AF340E000FE5DB1 /* GameScene.sks in Resources */ = {isa = PBXBuildFile; fileRef = 1E8117DF1AF340E000FE5DB1 /* GameScene.sks */; };
		1E8117E81AF340E000FE5DB1 /* LaunchScreen.xib in Resources */ = {isa = PBXBuildFile; fileRef = 1E8117E11AF340E000FE5DB1 /* LaunchScreen.xib */; };
		1E8117E91AF340E000FE5DB1 /* Main.storyboard in Resources */ = {isa = PBXBuildFile; fileRef = 1E8117E21AF340E000FE5DB1 /* Main.storyboard */; };
		1E8117EA1AF340E000FE5DB1 /* GameViewController.m in Sources */ = {isa = PBXBuildFile; fileRef = 1E8117E51AF340E000FE5DB1 /* GameViewController.m */; };
		1E8117ED1AF3412900FE5DB1 /* EmitterViewController.m in Sources */ = {isa = PBXBuildFile; fileRef = 1E8117EC1AF3412900FE5DB1 /* EmitterViewController.m */; };
		1E8117F01AF342FC00FE5DB1 /* EmitterScene.m in Sources */ = {isa = PBXBuildFile; fileRef = 1E8117EF1AF342FC00FE5DB1 /* EmitterScene.m */; };
		1E8117F21AF3433B00FE5DB1 /* EmitterScene.sks in Resources */ = {isa = PBXBuildFile; fileRef = 1E8117F11AF3433B00FE5DB1 /* EmitterScene.sks */; };
		1EE353481AF7EE2D00C8E7A5 /* Assets in Resources */ = {isa = PBXBuildFile; fileRef = 1EE353471AF7EE2D00C8E7A5 /* Assets */; };
/* End PBXBuildFile section */

/* Begin PBXContainerItemProxy section */
		1E7391FE1AF2A5590016E6F5 /* PBXContainerItemProxy */ = {
			isa = PBXContainerItemProxy;
			containerPortal = 1E7391D71AF2A5590016E6F5 /* Project object */;
			proxyType = 1;
			remoteGlobalIDString = 1E7391DE1AF2A5590016E6F5;
			remoteInfo = bubbles;
		};
/* End PBXContainerItemProxy section */

/* Begin PBXFileReference section */
		1E7391DF1AF2A5590016E6F5 /* bubbles.app */ = {isa = PBXFileReference; explicitFileType = wrapper.application; includeInIndex = 0; path = bubbles.app; sourceTree = BUILT_PRODUCTS_DIR; };
		1E7391E31AF2A5590016E6F5 /* Info.plist */ = {isa = PBXFileReference; lastKnownFileType = text.plist.xml; path = Info.plist; sourceTree = "<group>"; };
		1E7391E41AF2A5590016E6F5 /* main.m */ = {isa = PBXFileReference; lastKnownFileType = sourcecode.c.objc; path = main.m; sourceTree = "<group>"; };
		1E7391E61AF2A5590016E6F5 /* AppDelegate.h */ = {isa = PBXFileReference; lastKnownFileType = sourcecode.c.h; path = AppDelegate.h; sourceTree = "<group>"; };
		1E7391E71AF2A5590016E6F5 /* AppDelegate.m */ = {isa = PBXFileReference; lastKnownFileType = sourcecode.c.objc; path = AppDelegate.m; sourceTree = "<group>"; };
		1E7391FD1AF2A5590016E6F5 /* bubblesTests.xctest */ = {isa = PBXFileReference; explicitFileType = wrapper.cfbundle; includeInIndex = 0; path = bubblesTests.xctest; sourceTree = BUILT_PRODUCTS_DIR; };
		1E7392021AF2A5590016E6F5 /* Info.plist */ = {isa = PBXFileReference; lastKnownFileType = text.plist.xml; path = Info.plist; sourceTree = "<group>"; };
		1E7392031AF2A5590016E6F5 /* bubblesTests.m */ = {isa = PBXFileReference; lastKnownFileType = sourcecode.c.objc; path = bubblesTests.m; sourceTree = "<group>"; };
		1E8117DD1AF340E000FE5DB1 /* GameScene.h */ = {isa = PBXFileReference; fileEncoding = 4; lastKnownFileType = sourcecode.c.h; path = GameScene.h; sourceTree = "<group>"; };
		1E8117DE1AF340E000FE5DB1 /* GameScene.m */ = {isa = PBXFileReference; fileEncoding = 4; lastKnownFileType = sourcecode.c.objc; path = GameScene.m; sourceTree = "<group>"; };
		1E8117DF1AF340E000FE5DB1 /* GameScene.sks */ = {isa = PBXFileReference; lastKnownFileType = file.sks; path = GameScene.sks; sourceTree = "<group>"; };
		1E8117E11AF340E000FE5DB1 /* LaunchScreen.xib */ = {isa = PBXFileReference; fileEncoding = 4; lastKnownFileType = file.xib; path = LaunchScreen.xib; sourceTree = "<group>"; };
		1E8117E21AF340E000FE5DB1 /* Main.storyboard */ = {isa = PBXFileReference; fileEncoding = 4; lastKnownFileType = file.storyboard; path = Main.storyboard; sourceTree = "<group>"; };
		1E8117E41AF340E000FE5DB1 /* GameViewController.h */ = {isa = PBXFileReference; fileEncoding = 4; lastKnownFileType = sourcecode.c.h; path = GameViewController.h; sourceTree = "<group>"; };
		1E8117E51AF340E000FE5DB1 /* GameViewController.m */ = {isa = PBXFileReference; fileEncoding = 4; lastKnownFileType = sourcecode.c.objc; path = GameViewController.m; sourceTree = "<group>"; };
		1E8117EB1AF3412900FE5DB1 /* EmitterViewController.h */ = {isa = PBXFileReference; fileEncoding = 4; lastKnownFileType = sourcecode.c.h; path = EmitterViewController.h; sourceTree = "<group>"; };
		1E8117EC1AF3412900FE5DB1 /* EmitterViewController.m */ = {isa = PBXFileReference; fileEncoding = 4; lastKnownFileType = sourcecode.c.objc; path = EmitterViewController.m; sourceTree = "<group>"; };
		1E8117EE1AF342FC00FE5DB1 /* EmitterScene.h */ = {isa = PBXFileReference; fileEncoding = 4; lastKnownFileType = sourcecode.c.h; path = EmitterScene.h; sourceTree = "<group>"; };
		1E8117EF1AF342FC00FE5DB1 /* EmitterScene.m */ = {isa = PBXFileReference; fileEncoding = 4; lastKnownFileType = sourcecode.c.objc; path = EmitterScene.m; sourceTree = "<group>"; };
		1E8117F11AF3433B00FE5DB1 /* EmitterScene.sks */ = {isa = PBXFileReference; lastKnownFileType = file.sks; path = EmitterScene.sks; sourceTree = "<group>"; };
		1EE353471AF7EE2D00C8E7A5 /* Assets */ = {isa = PBXFileReference; lastKnownFileType = folder; path = Assets; sourceTree = "<group>"; };
/* End PBXFileReference section */

/* Begin PBXFrameworksBuildPhase section */
		1E7391DC1AF2A5590016E6F5 /* Frameworks */ = {
			isa = PBXFrameworksBuildPhase;
			buildActionMask = 2147483647;
			files = (
			);
			runOnlyForDeploymentPostprocessing = 0;
		};
		1E7391FA1AF2A5590016E6F5 /* Frameworks */ = {
			isa = PBXFrameworksBuildPhase;
			buildActionMask = 2147483647;
			files = (
			);
			runOnlyForDeploymentPostprocessing = 0;
		};
/* End PBXFrameworksBuildPhase section */

/* Begin PBXGroup section */
		1E7391D61AF2A5590016E6F5 = {
			isa = PBXGroup;
			children = (
				1E7391E11AF2A5590016E6F5 /* bubbles */,
				1E7392001AF2A5590016E6F5 /* bubblesTests */,
				1E7391E01AF2A5590016E6F5 /* Products */,
			);
			sourceTree = "<group>";
		};
		1E7391E01AF2A5590016E6F5 /* Products */ = {
			isa = PBXGroup;
			children = (
				1E7391DF1AF2A5590016E6F5 /* bubbles.app */,
				1E7391FD1AF2A5590016E6F5 /* bubblesTests.xctest */,
			);
			name = Products;
			sourceTree = "<group>";
		};
		1E7391E11AF2A5590016E6F5 /* bubbles */ = {
			isa = PBXGroup;
			children = (
				1EA5D04F1AF7FA2300AF066D /* Assets */,
				1E8117DC1AF340E000FE5DB1 /* Scenes */,
				1E8117E01AF340E000FE5DB1 /* Storyboards */,
				1E8117E31AF340E000FE5DB1 /* ViewControllers */,
				1E7391E21AF2A5590016E6F5 /* Supporting Files */,
			);
			path = bubbles;
			sourceTree = "<group>";
		};
		1E7391E21AF2A5590016E6F5 /* Supporting Files */ = {
			isa = PBXGroup;
			children = (
				1E7391E61AF2A5590016E6F5 /* AppDelegate.h */,
				1E7391E71AF2A5590016E6F5 /* AppDelegate.m */,
				1E7391E31AF2A5590016E6F5 /* Info.plist */,
				1E7391E41AF2A5590016E6F5 /* main.m */,
			);
			name = "Supporting Files";
			sourceTree = "<group>";
		};
		1E7392001AF2A5590016E6F5 /* bubblesTests */ = {
			isa = PBXGroup;
			children = (
				1E7392031AF2A5590016E6F5 /* bubblesTests.m */,
				1E7392011AF2A5590016E6F5 /* Supporting Files */,
			);
			path = bubblesTests;
			sourceTree = "<group>";
		};
		1E7392011AF2A5590016E6F5 /* Supporting Files */ = {
			isa = PBXGroup;
			children = (
				1E7392021AF2A5590016E6F5 /* Info.plist */,
			);
			name = "Supporting Files";
			sourceTree = "<group>";
		};
		1E8117DC1AF340E000FE5DB1 /* Scenes */ = {
			isa = PBXGroup;
			children = (
				1E8117DD1AF340E000FE5DB1 /* GameScene.h */,
				1E8117DE1AF340E000FE5DB1 /* GameScene.m */,
				1E8117DF1AF340E000FE5DB1 /* GameScene.sks */,
				1E8117EE1AF342FC00FE5DB1 /* EmitterScene.h */,
				1E8117EF1AF342FC00FE5DB1 /* EmitterScene.m */,
				1E8117F11AF3433B00FE5DB1 /* EmitterScene.sks */,
			);
			path = Scenes;
			sourceTree = "<group>";
		};
		1E8117E01AF340E000FE5DB1 /* Storyboards */ = {
			isa = PBXGroup;
			children = (
				1E8117E11AF340E000FE5DB1 /* LaunchScreen.xib */,
				1E8117E21AF340E000FE5DB1 /* Main.storyboard */,
			);
			path = Storyboards;
			sourceTree = "<group>";
		};
		1E8117E31AF340E000FE5DB1 /* ViewControllers */ = {
			isa = PBXGroup;
			children = (
				1E8117E41AF340E000FE5DB1 /* GameViewController.h */,
				1E8117E51AF340E000FE5DB1 /* GameViewController.m */,
				1E8117EB1AF3412900FE5DB1 /* EmitterViewController.h */,
				1E8117EC1AF3412900FE5DB1 /* EmitterViewController.m */,
			);
			path = ViewControllers;
			sourceTree = "<group>";
		};
		1EA5D04F1AF7FA2300AF066D /* Assets */ = {
			isa = PBXGroup;
			children = (
				1EE353471AF7EE2D00C8E7A5 /* Assets */,
			);
			name = Assets;
			sourceTree = "<group>";
		};
/* End PBXGroup section */

/* Begin PBXNativeTarget section */
		1E7391DE1AF2A5590016E6F5 /* bubbles */ = {
			isa = PBXNativeTarget;
			buildConfigurationList = 1E7392071AF2A5590016E6F5 /* Build configuration list for PBXNativeTarget "bubbles" */;
			buildPhases = (
				1E7391DB1AF2A5590016E6F5 /* Sources */,
				1E7391DC1AF2A5590016E6F5 /* Frameworks */,
				1E7391DD1AF2A5590016E6F5 /* Resources */,
			);
			buildRules = (
			);
			dependencies = (
			);
			name = bubbles;
			productName = bubbles;
			productReference = 1E7391DF1AF2A5590016E6F5 /* bubbles.app */;
			productType = "com.apple.product-type.application";
		};
		1E7391FC1AF2A5590016E6F5 /* bubblesTests */ = {
			isa = PBXNativeTarget;
			buildConfigurationList = 1E73920A1AF2A5590016E6F5 /* Build configuration list for PBXNativeTarget "bubblesTests" */;
			buildPhases = (
				1E7391F91AF2A5590016E6F5 /* Sources */,
				1E7391FA1AF2A5590016E6F5 /* Frameworks */,
				1E7391FB1AF2A5590016E6F5 /* Resources */,
			);
			buildRules = (
			);
			dependencies = (
				1E7391FF1AF2A5590016E6F5 /* PBXTargetDependency */,
			);
			name = bubblesTests;
			productName = bubblesTests;
			productReference = 1E7391FD1AF2A5590016E6F5 /* bubblesTests.xctest */;
			productType = "com.apple.product-type.bundle.unit-test";
		};
/* End PBXNativeTarget section */

/* Begin PBXProject section */
		1E7391D71AF2A5590016E6F5 /* Project object */ = {
			isa = PBXProject;
			attributes = {
				LastUpgradeCheck = 0620;
				ORGANIZATIONNAME = "Bo Tembunkiart";
				TargetAttributes = {
					1E7391DE1AF2A5590016E6F5 = {
						CreatedOnToolsVersion = 6.2;
					};
					1E7391FC1AF2A5590016E6F5 = {
						CreatedOnToolsVersion = 6.2;
						TestTargetID = 1E7391DE1AF2A5590016E6F5;
					};
				};
			};
			buildConfigurationList = 1E7391DA1AF2A5590016E6F5 /* Build configuration list for PBXProject "bubbles" */;
			compatibilityVersion = "Xcode 3.2";
			developmentRegion = English;
			hasScannedForEncodings = 0;
			knownRegions = (
				en,
				Base,
			);
			mainGroup = 1E7391D61AF2A5590016E6F5;
			productRefGroup = 1E7391E01AF2A5590016E6F5 /* Products */;
			projectDirPath = "";
			projectRoot = "";
			targets = (
				1E7391DE1AF2A5590016E6F5 /* bubbles */,
				1E7391FC1AF2A5590016E6F5 /* bubblesTests */,
			);
		};
/* End PBXProject section */

/* Begin PBXResourcesBuildPhase section */
		1E7391DD1AF2A5590016E6F5 /* Resources */ = {
			isa = PBXResourcesBuildPhase;
			buildActionMask = 2147483647;
			files = (
				1EE353481AF7EE2D00C8E7A5 /* Assets in Resources */,
				1E8117E81AF340E000FE5DB1 /* LaunchScreen.xib in Resources */,
				1E8117E91AF340E000FE5DB1 /* Main.storyboard in Resources */,
				1E8117E71AF340E000FE5DB1 /* GameScene.sks in Resources */,
				1E8117F21AF3433B00FE5DB1 /* EmitterScene.sks in Resources */,
			);
			runOnlyForDeploymentPostprocessing = 0;
		};
		1E7391FB1AF2A5590016E6F5 /* Resources */ = {
			isa = PBXResourcesBuildPhase;
			buildActionMask = 2147483647;
			files = (
			);
			runOnlyForDeploymentPostprocessing = 0;
		};
/* End PBXResourcesBuildPhase section */

/* Begin PBXSourcesBuildPhase section */
		1E7391DB1AF2A5590016E6F5 /* Sources */ = {
			isa = PBXSourcesBuildPhase;
			buildActionMask = 2147483647;
			files = (
				1E8117EA1AF340E000FE5DB1 /* GameViewController.m in Sources */,
				1E7391E81AF2A5590016E6F5 /* AppDelegate.m in Sources */,
				1E8117ED1AF3412900FE5DB1 /* EmitterViewController.m in Sources */,
				1E8117F01AF342FC00FE5DB1 /* EmitterScene.m in Sources */,
				1E8117E61AF340E000FE5DB1 /* GameScene.m in Sources */,
				1E7391E51AF2A5590016E6F5 /* main.m in Sources */,
			);
			runOnlyForDeploymentPostprocessing = 0;
		};
		1E7391F91AF2A5590016E6F5 /* Sources */ = {
			isa = PBXSourcesBuildPhase;
			buildActionMask = 2147483647;
			files = (
				1E7392041AF2A5590016E6F5 /* bubblesTests.m in Sources */,
			);
			runOnlyForDeploymentPostprocessing = 0;
		};
/* End PBXSourcesBuildPhase section */

/* Begin PBXTargetDependency section */
		1E7391FF1AF2A5590016E6F5 /* PBXTargetDependency */ = {
			isa = PBXTargetDependency;
			target = 1E7391DE1AF2A5590016E6F5 /* bubbles */;
			targetProxy = 1E7391FE1AF2A5590016E6F5 /* PBXContainerItemProxy */;
		};
/* End PBXTargetDependency section */

/* Begin XCBuildConfiguration section */
		1E7392051AF2A5590016E6F5 /* Debug */ = {
			isa = XCBuildConfiguration;
			buildSettings = {
				ALWAYS_SEARCH_USER_PATHS = NO;
				CLANG_CXX_LANGUAGE_STANDARD = "gnu++0x";
				CLANG_CXX_LIBRARY = "libc++";
				CLANG_ENABLE_MODULES = YES;
				CLANG_ENABLE_OBJC_ARC = YES;
				CLANG_WARN_BOOL_CONVERSION = YES;
				CLANG_WARN_CONSTANT_CONVERSION = YES;
				CLANG_WARN_DIRECT_OBJC_ISA_USAGE = YES_ERROR;
				CLANG_WARN_EMPTY_BODY = YES;
				CLANG_WARN_ENUM_CONVERSION = YES;
				CLANG_WARN_INT_CONVERSION = YES;
				CLANG_WARN_OBJC_ROOT_CLASS = YES_ERROR;
				CLANG_WARN_UNREACHABLE_CODE = YES;
				CLANG_WARN__DUPLICATE_METHOD_MATCH = YES;
				"CODE_SIGN_IDENTITY[sdk=iphoneos*]" = "iPhone Developer";
				COPY_PHASE_STRIP = NO;
				ENABLE_STRICT_OBJC_MSGSEND = YES;
				GCC_C_LANGUAGE_STANDARD = gnu99;
				GCC_DYNAMIC_NO_PIC = NO;
				GCC_OPTIMIZATION_LEVEL = 0;
				GCC_PREPROCESSOR_DEFINITIONS = (
					"DEBUG=1",
					"$(inherited)",
				);
				GCC_SYMBOLS_PRIVATE_EXTERN = NO;
				GCC_WARN_64_TO_32_BIT_CONVERSION = YES;
				GCC_WARN_ABOUT_RETURN_TYPE = YES_ERROR;
				GCC_WARN_UNDECLARED_SELECTOR = YES;
				GCC_WARN_UNINITIALIZED_AUTOS = YES_AGGRESSIVE;
				GCC_WARN_UNUSED_FUNCTION = YES;
				GCC_WARN_UNUSED_VARIABLE = YES;
				IPHONEOS_DEPLOYMENT_TARGET = 8.2;
				MTL_ENABLE_DEBUG_INFO = YES;
				ONLY_ACTIVE_ARCH = YES;
				SDKROOT = iphoneos;
				TARGETED_DEVICE_FAMILY = "1,2";
			};
			name = Debug;
		};
		1E7392061AF2A5590016E6F5 /* Release */ = {
			isa = XCBuildConfiguration;
			buildSettings = {
				ALWAYS_SEARCH_USER_PATHS = NO;
				CLANG_CXX_LANGUAGE_STANDARD = "gnu++0x";
				CLANG_CXX_LIBRARY = "libc++";
				CLANG_ENABLE_MODULES = YES;
				CLANG_ENABLE_OBJC_ARC = YES;
				CLANG_WARN_BOOL_CONVERSION = YES;
				CLANG_WARN_CONSTANT_CONVERSION = YES;
				CLANG_WARN_DIRECT_OBJC_ISA_USAGE = YES_ERROR;
				CLANG_WARN_EMPTY_BODY = YES;
				CLANG_WARN_ENUM_CONVERSION = YES;
				CLANG_WARN_INT_CONVERSION = YES;
				CLANG_WARN_OBJC_ROOT_CLASS = YES_ERROR;
				CLANG_WARN_UNREACHABLE_CODE = YES;
				CLANG_WARN__DUPLICATE_METHOD_MATCH = YES;
				"CODE_SIGN_IDENTITY[sdk=iphoneos*]" = "iPhone Developer";
				COPY_PHASE_STRIP = NO;
				ENABLE_NS_ASSERTIONS = NO;
				ENABLE_STRICT_OBJC_MSGSEND = YES;
				GCC_C_LANGUAGE_STANDARD = gnu99;
				GCC_WARN_64_TO_32_BIT_CONVERSION = YES;
				GCC_WARN_ABOUT_RETURN_TYPE = YES_ERROR;
				GCC_WARN_UNDECLARED_SELECTOR = YES;
				GCC_WARN_UNINITIALIZED_AUTOS = YES_AGGRESSIVE;
				GCC_WARN_UNUSED_FUNCTION = YES;
				GCC_WARN_UNUSED_VARIABLE = YES;
				IPHONEOS_DEPLOYMENT_TARGET = 8.2;
				MTL_ENABLE_DEBUG_INFO = NO;
				SDKROOT = iphoneos;
				TARGETED_DEVICE_FAMILY = "1,2";
				VALIDATE_PRODUCT = YES;
			};
			name = Release;
		};
		1E7392081AF2A5590016E6F5 /* Debug */ = {
			isa = XCBuildConfiguration;
			buildSettings = {
				ASSETCATALOG_COMPILER_APPICON_NAME = AppIcon;
				INFOPLIST_FILE = bubbles/Info.plist;
				LD_RUNPATH_SEARCH_PATHS = "$(inherited) @executable_path/Frameworks";
				PRODUCT_NAME = "$(TARGET_NAME)";
			};
			name = Debug;
		};
		1E7392091AF2A5590016E6F5 /* Release */ = {
			isa = XCBuildConfiguration;
			buildSettings = {
				ASSETCATALOG_COMPILER_APPICON_NAME = AppIcon;
				INFOPLIST_FILE = bubbles/Info.plist;
				LD_RUNPATH_SEARCH_PATHS = "$(inherited) @executable_path/Frameworks";
				PRODUCT_NAME = "$(TARGET_NAME)";
			};
			name = Release;
		};
		1E73920B1AF2A5590016E6F5 /* Debug */ = {
			isa = XCBuildConfiguration;
			buildSettings = {
				BUNDLE_LOADER = "$(TEST_HOST)";
				FRAMEWORK_SEARCH_PATHS = (
					"$(SDKROOT)/Developer/Library/Frameworks",
					"$(inherited)",
				);
				GCC_PREPROCESSOR_DEFINITIONS = (
					"DEBUG=1",
					"$(inherited)",
				);
				INFOPLIST_FILE = bubblesTests/Info.plist;
				LD_RUNPATH_SEARCH_PATHS = "$(inherited) @executable_path/Frameworks @loader_path/Frameworks";
				PRODUCT_NAME = "$(TARGET_NAME)";
				TEST_HOST = "$(BUILT_PRODUCTS_DIR)/bubbles.app/bubbles";
			};
			name = Debug;
		};
		1E73920C1AF2A5590016E6F5 /* Release */ = {
			isa = XCBuildConfiguration;
			buildSettings = {
				BUNDLE_LOADER = "$(TEST_HOST)";
				FRAMEWORK_SEARCH_PATHS = (
					"$(SDKROOT)/Developer/Library/Frameworks",
					"$(inherited)",
				);
				INFOPLIST_FILE = bubblesTests/Info.plist;
				LD_RUNPATH_SEARCH_PATHS = "$(inherited) @executable_path/Frameworks @loader_path/Frameworks";
				PRODUCT_NAME = "$(TARGET_NAME)";
				TEST_HOST = "$(BUILT_PRODUCTS_DIR)/bubbles.app/bubbles";
			};
			name = Release;
		};
/* End XCBuildConfiguration section */

/* Begin XCConfigurationList section */
		1E7391DA1AF2A5590016E6F5 /* Build configuration list for PBXProject "bubbles" */ = {
			isa = XCConfigurationList;
			buildConfigurations = (
				1E7392051AF2A5590016E6F5 /* Debug */,
				1E7392061AF2A5590016E6F5 /* Release */,
			);
			defaultConfigurationIsVisible = 0;
			defaultConfigurationName = Release;
		};
		1E7392071AF2A5590016E6F5 /* Build configuration list for PBXNativeTarget "bubbles" */ = {
			isa = XCConfigurationList;
			buildConfigurations = (
				1E7392081AF2A5590016E6F5 /* Debug */,
				1E7392091AF2A5590016E6F5 /* Release */,
			);
			defaultConfigurationIsVisible = 0;
			defaultConfigurationName = Release;
		};
		1E73920A1AF2A5590016E6F5 /* Build configuration list for PBXNativeTarget "bubblesTests" */ = {
			isa = XCConfigurationList;
			buildConfigurations = (
				1E73920B1AF2A5590016E6F5 /* Debug */,
				1E73920C1AF2A5590016E6F5 /* Release */,
			);
			defaultConfigurationIsVisible = 0;
			defaultConfigurationName = Release;
		};
/* End XCConfigurationList section */
	};
	rootObject = 1E7391D71AF2A5590016E6F5 /* Project object */;
}
